hash: d4f3e95122e44bae7adc983c08a1abb2af80201526fe2c8a62d5c42643e8e302
updated: 2018-01-12T22:11:52.497346+01:00
imports:
- name: github.com/pkg/errors
  version: e881fd58d78e04cf6d0de1217f8707c8cc2249bc
- name: gopkg.in/tucnak/telebot.v2
  version: fd49f3f2600037b57ee38200b479796e1c14c590
testImports: []
